{
    "_readme": [
        "This file locks the dependencies of your project to a known state",
        "Read more about it at https://getcomposer.org/doc/01-basic-usage.md#composer-lock-the-lock-file",
        "This file is @generated automatically"
    ],
    "hash": "09125a4d4d3ce662036238e4e02c386e",
    "content-hash": "1e17a876c19a69364c5dcc3670803b48",
    "packages": [
        {
            "name": "illuminate/console",
            "version": "v4.0.10",
            "target-dir": "Illuminate/Console",
            "source": {
                "type": "git",
                "url": "https://github.com/illuminate/console.git",
                "reference": "b58da9ed1ebf8d0778c4fc0f281367c31887420a"
            },
            "dist": {
                "type": "zip",
                "url": "https://api.github.com/repos/illuminate/console/zipball/b58da9ed1ebf8d0778c4fc0f281367c31887420a",
                "reference": "b58da9ed1ebf8d0778c4fc0f281367c31887420a",
                "shasum": ""
            },
            "require": {
                "symfony/console": "2.3.*"
            },
            "require-dev": {
                "phpunit/phpunit": "3.7.*"
            },
            "type": "library",
            "extra": {
                "branch-alias": {
                    "dev-master": "4.0-dev"
                }
            },
            "autoload": {
                "psr-0": {
                    "Illuminate\\Console": ""
                }
            },
            "notification-url": "https://packagist.org/downloads/",
            "license": [
                "MIT"
            ],
            "authors": [
                {
                    "name": "Taylor Otwell",
                    "email": "taylorotwell@gmail.com",
                    "homepage": "https://github.com/taylorotwell",
                    "role": "Creator of Laravel"
                }
            ],
            "time": "2013-10-01 15:04:26"
        },
        {
            "name": "symfony/console",
            "version": "v2.3.42",
            "target-dir": "Symfony/Component/Console",
            "source": {
                "type": "git",
                "url": "https://github.com/symfony/console.git",
                "reference": "20c12c6d6c5a087a66d4e77999451713a92a3507"
            },
            "dist": {
                "type": "zip",
                "url": "https://api.github.com/repos/symfony/console/zipball/20c12c6d6c5a087a66d4e77999451713a92a3507",
                "reference": "20c12c6d6c5a087a66d4e77999451713a92a3507",
                "shasum": ""
            },
            "require": {
                "php": ">=5.3.3"
            },
            "require-dev": {
                "symfony/event-dispatcher": "~2.1"
            },
            "suggest": {
                "symfony/event-dispatcher": ""
            },
            "type": "library",
            "extra": {
                "branch-alias": {
                    "dev-master": "2.3-dev"
                }
            },
            "autoload": {
                "psr-0": {
                    "Symfony\\Component\\Console\\": ""
                },
                "exclude-from-classmap": [
                    "/Tests/"
                ]
            },
            "notification-url": "https://packagist.org/downloads/",
            "license": [
                "MIT"
            ],
            "authors": [
                {
                    "name": "Fabien Potencier",
                    "email": "fabien@symfony.com"
                },
                {
                    "name": "Symfony Community",
                    "homepage": "https://symfony.com/contributors"
                }
            ],
            "description": "Symfony Console Component",
            "homepage": "https://symfony.com",
            "time": "2016-05-26 08:04:58"
        }
    ],
    "packages-dev": [],
    "aliases": [],
    "minimum-stability": "stable",
    "stability-flags": [],
    "prefer-stable": false,
    "prefer-lowest": false,
    "platform": [],
    "platform-dev": []
}
